
Microsoft Visual Studio Solution File, Format Version 12.00
# Visual Studio Version 17
VisualStudioVersion = 17.13.35825.156 d17.13
MinimumVisualStudioVersion = 10.0.40219.1
Project("{FAE04EC0-301F-11D3-BF4B-00C04F79EFBC}") = "Sacco API", "Sacco API\Sacco API.csproj", "{7DF20EA5-1F7F-40D3-9074-5AF4CCD99F88}"
EndProject
Global
	GlobalSection(SolutionConfigurationPlatforms) = preSolution
		Debug|Any CPU = Debug|Any CPU
		Release|Any CPU = Release|Any CPU
	EndGlobalSection
	GlobalSection(ProjectConfigurationPlatforms) = postSolution
		{7DF20EA5-1F7F-40D3-9074-5AF4CCD99F88}.Debug|Any CPU.ActiveCfg = Debug|Any CPU
		{7DF20EA5-1F7F-40D3-9074-5AF4CCD99F88}.Debug|Any CPU.Build.0 = Debug|Any CPU
		{7DF20EA5-1F7F-40D3-9074-5AF4CCD99F88}.Release|Any CPU.ActiveCfg = Release|Any CPU
		{7DF20EA5-1F7F-40D3-9074-5AF4CCD99F88}.Release|Any CPU.Build.0 = Release|Any CPU
	EndGlobalSection
	GlobalSection(SolutionProperties) = preSolution
		HideSolutionNode = FALSE
	EndGlobalSection
	GlobalSection(ExtensibilityGlobals) = postSolution
		SolutionGuid = {0E80C74B-3EF7-476C-9CE0-6E5927710650}
	EndGlobalSection
EndGlobal
